Microsoft Visual Studio Solution File, Format Version 12.00
# Visual Studio 2013
VisualStudioVersion = 12.0.31101.0
MinimumVisualStudioVersion = 10.0.40219.1
Project("{FAE04EC0-301F-11D3-BF4B-00C04F79EFBC}") = "ScadaWebConfig", "ScadaWebConfig\ScadaWebConfig.csproj", "{6CA05C15-A7D4-4140-AA3B-46AD6DC58A4A}"
EndProject
Project("{FAE04EC0-301F-11D3-BF4B-00C04F79EFBC}") = "ScadaWeb", "ScadaWeb\ScadaWeb.csproj", "{E02ABCDA-33FB-4EE3-9E47-7C333AB5035B}"
EndProject
Project("{FAE04EC0-301F-11D3-BF4B-00C04F79EFBC}") = "ScadaTableEditor", "ScadaTableEditor\ScadaTableEditor.csproj", "{41C04942-ADF1-42DF-82EF-AD7810721183}"
EndProject
Project("{FAE04EC0-301F-11D3-BF4B-00C04F79EFBC}") = "ScadaWebCommon", "ScadaWebCommon\ScadaWebCommon.csproj", "{A4135BB4-04BC-4EB7-8346-80E9FBEF0EB2}"
EndProject
Global
	GlobalSection(SolutionConfigurationPlatforms) = preSolution
		Debug|.NET = Debug|.NET
		Debug|Any CPU = Debug|Any CPU
		Debug|Mixed Platforms = Debug|Mixed Platforms
		Debug|x86 = Debug|x86
		Release|.NET = Release|.NET
		Release|Any CPU = Release|Any CPU
		Release|Mixed Platforms = Release|Mixed Platforms
		Release|x86 = Release|x86
	EndGlobalSection
	GlobalSection(ProjectConfigurationPlatforms) = postSolution
		{6CA05C15-A7D4-4140-AA3B-46AD6DC58A4A}.Debug|.NET.ActiveCfg = Debug|Any CPU
		{6CA05C15-A7D4-4140-AA3B-46AD6DC58A4A}.Debug|Any CPU.ActiveCfg = Debug|Any CPU
		{6CA05C15-A7D4-4140-AA3B-46AD6DC58A4A}.Debug|Any CPU.Build.0 = Debug|Any CPU
		{6CA05C15-A7D4-4140-AA3B-46AD6DC58A4A}.Debug|Mixed Platforms.ActiveCfg = Debug|Any CPU
		{6CA05C15-A7D4-4140-AA3B-46AD6DC58A4A}.Debug|Mixed Platforms.Build.0 = Debug|Any CPU
		{6CA05C15-A7D4-4140-AA3B-46AD6DC58A4A}.Debug|x86.ActiveCfg = Debug|Any CPU
		{6CA05C15-A7D4-4140-AA3B-46AD6DC58A4A}.Release|.NET.ActiveCfg = Release|Any CPU
		{6CA05C15-A7D4-4140-AA3B-46AD6DC58A4A}.Release|Any CPU.ActiveCfg = Release|Any CPU
		{6CA05C15-A7D4-4140-AA3B-46AD6DC58A4A}.Release|Any CPU.Build.0 = Release|Any CPU
		{6CA05C15-A7D4-4140-AA3B-46AD6DC58A4A}.Release|Mixed Platforms.ActiveCfg = Release|Any CPU
		{6CA05C15-A7D4-4140-AA3B-46AD6DC58A4A}.Release|Mixed Platforms.Build.0 = Release|Any CPU
		{6CA05C15-A7D4-4140-AA3B-46AD6DC58A4A}.Release|x86.ActiveCfg = Release|Any CPU
		{E02ABCDA-33FB-4EE3-9E47-7C333AB5035B}.Debug|.NET.ActiveCfg = Debug|Any CPU
		{E02ABCDA-33FB-4EE3-9E47-7C333AB5035B}.Debug|Any CPU.ActiveCfg = Debug|Any CPU
		{E02ABCDA-33FB-4EE3-9E47-7C333AB5035B}.Debug|Any CPU.Build.0 = Debug|Any CPU
		{E02ABCDA-33FB-4EE3-9E47-7C333AB5035B}.Debug|Mixed Platforms.ActiveCfg = Debug|Any CPU
		{E02ABCDA-33FB-4EE3-9E47-7C333AB5035B}.Debug|Mixed Platforms.Build.0 = Debug|Any CPU
		{E02ABCDA-33FB-4EE3-9E47-7C333AB5035B}.Debug|x86.ActiveCfg = Debug|Any CPU
		{E02ABCDA-33FB-4EE3-9E47-7C333AB5035B}.Release|.NET.ActiveCfg = Release|Any CPU
		{E02ABCDA-33FB-4EE3-9E47-7C333AB5035B}.Release|Any CPU.ActiveCfg = Release|Any CPU
		{E02ABCDA-33FB-4EE3-9E47-7C333AB5035B}.Release|Any CPU.Build.0 = Release|Any CPU
		{E02ABCDA-33FB-4EE3-9E47-7C333AB5035B}.Release|Mixed Platforms.ActiveCfg = Release|Any CPU
		{E02ABCDA-33FB-4EE3-9E47-7C333AB5035B}.Release|Mixed Platforms.Build.0 = Release|Any CPU
		{E02ABCDA-33FB-4EE3-9E47-7C333AB5035B}.Release|x86.ActiveCfg = Release|Any CPU
		{41C04942-ADF1-42DF-82EF-AD7810721183}.Debug|.NET.ActiveCfg = Debug|x86
		{41C04942-ADF1-42DF-82EF-AD7810721183}.Debug|Any CPU.ActiveCfg = Debug|x86
		{41C04942-ADF1-42DF-82EF-AD7810721183}.Debug|Any CPU.Build.0 = Debug|x86
		{41C04942-ADF1-42DF-82EF-AD7810721183}.Debug|Mixed Platforms.ActiveCfg = Debug|Any CPU
		{41C04942-ADF1-42DF-82EF-AD7810721183}.Debug|Mixed Platforms.Build.0 = Debug|Any CPU
		{41C04942-ADF1-42DF-82EF-AD7810721183}.Debug|x86.ActiveCfg = Debug|x86
		{41C04942-ADF1-42DF-82EF-AD7810721183}.Debug|x86.Build.0 = Debug|x86
		{41C04942-ADF1-42DF-82EF-AD7810721183}.Release|.NET.ActiveCfg = Release|x86
		{41C04942-ADF1-42DF-82EF-AD7810721183}.Release|Any CPU.ActiveCfg = Release|Any CPU
		{41C04942-ADF1-42DF-82EF-AD7810721183}.Release|Any CPU.Build.0 = Release|Any CPU
		{41C04942-ADF1-42DF-82EF-AD7810721183}.Release|Mixed Platforms.ActiveCfg = Release|Any CPU
		{41C04942-ADF1-42DF-82EF-AD7810721183}.Release|Mixed Platforms.Build.0 = Release|Any CPU
		{41C04942-ADF1-42DF-82EF-AD7810721183}.Release|x86.ActiveCfg = Release|x86
		{41C04942-ADF1-42DF-82EF-AD7810721183}.Release|x86.Build.0 = Release|x86
		{A4135BB4-04BC-4EB7-8346-80E9FBEF0EB2}.Debug|.NET.ActiveCfg = Debug|Any CPU
		{A4135BB4-04BC-4EB7-8346-80E9FBEF0EB2}.Debug|Any CPU.ActiveCfg = Debug|Any CPU
		{A4135BB4-04BC-4EB7-8346-80E9FBEF0EB2}.Debug|Any CPU.Build.0 = Debug|Any CPU
		{A4135BB4-04BC-4EB7-8346-80E9FBEF0EB2}.Debug|Mixed Platforms.ActiveCfg = Debug|Any CPU
		{A4135BB4-04BC-4EB7-8346-80E9FBEF0EB2}.Debug|Mixed Platforms.Build.0 = Debug|Any CPU
		{A4135BB4-04BC-4EB7-8346-80E9FBEF0EB2}.Debug|x86.ActiveCfg = Debug|Any CPU
		{A4135BB4-04BC-4EB7-8346-80E9FBEF0EB2}.Release|.NET.ActiveCfg = Release|Any CPU
		{A4135BB4-04BC-4EB7-8346-80E9FBEF0EB2}.Release|Any CPU.ActiveCfg = Release|Any CPU
		{A4135BB4-04BC-4EB7-8346-80E9FBEF0EB2}.Release|Any CPU.Build.0 = Release|Any CPU
		{A4135BB4-04BC-4EB7-8346-80E9FBEF0EB2}.Release|Mixed Platforms.ActiveCfg = Release|Any CPU
		{A4135BB4-04BC-4EB7-8346-80E9FBEF0EB2}.Release|Mixed Platforms.Build.0 = Release|Any CPU
		{A4135BB4-04BC-4EB7-8346-80E9FBEF0EB2}.Release|x86.ActiveCfg = Release|Any CPU
	EndGlobalSection
	GlobalSection(SolutionProperties) = preSolution
		HideSolutionNode = FALSE
	EndGlobalSection
EndGlobal
