Microsoft Visual Studio Solution File, Format Version 12.00
# Visual Studio Version 16
VisualStudioVersion = 16.0.30804.86
MinimumVisualStudioVersion = 10.0.40219.1
Project("{FAE04EC0-301F-11D3-BF4B-00C04F79EFBC}") = "ScadaData", "ScadaData\ScadaData.csproj", "{C5DC293F-13CA-435F-A7DB-4BA91639C292}"
EndProject
Project("{FAE04EC0-301F-11D3-BF4B-00C04F79EFBC}") = "ScadaDataTest", "ScadaDataTest\ScadaDataTest.csproj", "{31415B61-53C3-4746-B586-CFD7FC16CED2}"
EndProject
Project("{FAE04EC0-301F-11D3-BF4B-00C04F79EFBC}") = "ScadaData.Svc", "ScadaData.Svc\ScadaData.Svc.csproj", "{827CCEDC-F418-4261-9448-EA28F9033A4D}"
EndProject
Project("{FAE04EC0-301F-11D3-BF4B-00C04F79EFBC}") = "ScadaData.Dao", "ScadaData.Dao\ScadaData.Dao.csproj", "{1DDE26A2-1E24-4680-A635-2760B37CAFDB}"
EndProject
Project("{9A19103F-16F7-4668-BE54-9A1E7A4F7556}") = "ScadaData.Std", "ScadaData.Std\ScadaData.Std.csproj", "{3C69A20A-6810-445E-AE86-E98AB91C42F4}"
EndProject
Project("{FAE04EC0-301F-11D3-BF4B-00C04F79EFBC}") = "ScadaData.Db", "ScadaData.Db\ScadaData.Db.csproj", "{23F5209D-6937-4D18-BF42-225FFC3EDD91}"
EndProject
Global
	GlobalSection(SolutionConfigurationPlatforms) = preSolution
		Debug|Any CPU = Debug|Any CPU
		Release|Any CPU = Release|Any CPU
	EndGlobalSection
	GlobalSection(ProjectConfigurationPlatforms) = postSolution
		{C5DC293F-13CA-435F-A7DB-4BA91639C292}.Debug|Any CPU.ActiveCfg = Debug|Any CPU
		{C5DC293F-13CA-435F-A7DB-4BA91639C292}.Debug|Any CPU.Build.0 = Debug|Any CPU
		{C5DC293F-13CA-435F-A7DB-4BA91639C292}.Release|Any CPU.ActiveCfg = Release|Any CPU
		{C5DC293F-13CA-435F-A7DB-4BA91639C292}.Release|Any CPU.Build.0 = Release|Any CPU
		{31415B61-53C3-4746-B586-CFD7FC16CED2}.Debug|Any CPU.ActiveCfg = Debug|Any CPU
		{31415B61-53C3-4746-B586-CFD7FC16CED2}.Debug|Any CPU.Build.0 = Debug|Any CPU
		{31415B61-53C3-4746-B586-CFD7FC16CED2}.Release|Any CPU.ActiveCfg = Release|Any CPU
		{31415B61-53C3-4746-B586-CFD7FC16CED2}.Release|Any CPU.Build.0 = Release|Any CPU
		{827CCEDC-F418-4261-9448-EA28F9033A4D}.Debug|Any CPU.ActiveCfg = Debug|Any CPU
		{827CCEDC-F418-4261-9448-EA28F9033A4D}.Debug|Any CPU.Build.0 = Debug|Any CPU
		{827CCEDC-F418-4261-9448-EA28F9033A4D}.Release|Any CPU.ActiveCfg = Release|Any CPU
		{827CCEDC-F418-4261-9448-EA28F9033A4D}.Release|Any CPU.Build.0 = Release|Any CPU
		{1DDE26A2-1E24-4680-A635-2760B37CAFDB}.Debug|Any CPU.ActiveCfg = Debug|Any CPU
		{1DDE26A2-1E24-4680-A635-2760B37CAFDB}.Debug|Any CPU.Build.0 = Debug|Any CPU
		{1DDE26A2-1E24-4680-A635-2760B37CAFDB}.Release|Any CPU.ActiveCfg = Release|Any CPU
		{1DDE26A2-1E24-4680-A635-2760B37CAFDB}.Release|Any CPU.Build.0 = Release|Any CPU
		{3C69A20A-6810-445E-AE86-E98AB91C42F4}.Debug|Any CPU.ActiveCfg = Debug|Any CPU
		{3C69A20A-6810-445E-AE86-E98AB91C42F4}.Debug|Any CPU.Build.0 = Debug|Any CPU
		{3C69A20A-6810-445E-AE86-E98AB91C42F4}.Release|Any CPU.ActiveCfg = Release|Any CPU
		{3C69A20A-6810-445E-AE86-E98AB91C42F4}.Release|Any CPU.Build.0 = Release|Any CPU
		{23F5209D-6937-4D18-BF42-225FFC3EDD91}.Debug|Any CPU.ActiveCfg = Debug|Any CPU
		{23F5209D-6937-4D18-BF42-225FFC3EDD91}.Debug|Any CPU.Build.0 = Debug|Any CPU
		{23F5209D-6937-4D18-BF42-225FFC3EDD91}.Release|Any CPU.ActiveCfg = Release|Any CPU
		{23F5209D-6937-4D18-BF42-225FFC3EDD91}.Release|Any CPU.Build.0 = Release|Any CPU
	EndGlobalSection
	GlobalSection(SolutionProperties) = preSolution
		HideSolutionNode = FALSE
	EndGlobalSection
	GlobalSection(ExtensibilityGlobals) = postSolution
		SolutionGuid = {ED6A68FA-3866-482A-846C-1C0CED33847A}
	EndGlobalSection
EndGlobal
