
Microsoft Visual Studio Solution File, Format Version 12.00
# Visual Studio Version 16
VisualStudioVersion = 16.0.31729.503
MinimumVisualStudioVersion = 10.0.40219.1
Project("{FAE04EC0-301F-11D3-BF4B-00C04F79EFBC}") = "ModTest", "ModTest\ModTest.csproj", "{1D0EF7CF-B70B-4544-A11B-EAE4F6DCFF7F}"
EndProject
Project("{FAE04EC0-301F-11D3-BF4B-00C04F79EFBC}") = "ModActiveDirectory", "ModActiveDirectory\ModActiveDirectory.csproj", "{2D224EFD-95FC-4039-AE99-72D383464FF5}"
EndProject
Project("{FAE04EC0-301F-11D3-BF4B-00C04F79EFBC}") = "ModDbExport", "ModDbExport\ModDbExport.csproj", "{1943BB06-1D1E-45A6-ADF0-B6437512138B}"
EndProject
Global
	GlobalSection(SolutionConfigurationPlatforms) = preSolution
		Debug|Any CPU = Debug|Any CPU
		Release|Any CPU = Release|Any CPU
	EndGlobalSection
	GlobalSection(ProjectConfigurationPlatforms) = postSolution
		{1D0EF7CF-B70B-4544-A11B-EAE4F6DCFF7F}.Debug|Any CPU.ActiveCfg = Debug|Any CPU
		{1D0EF7CF-B70B-4544-A11B-EAE4F6DCFF7F}.Debug|Any CPU.Build.0 = Debug|Any CPU
		{1D0EF7CF-B70B-4544-A11B-EAE4F6DCFF7F}.Release|Any CPU.ActiveCfg = Release|Any CPU
		{1D0EF7CF-B70B-4544-A11B-EAE4F6DCFF7F}.Release|Any CPU.Build.0 = Release|Any CPU
		{2D224EFD-95FC-4039-AE99-72D383464FF5}.Debug|Any CPU.ActiveCfg = Debug|Any CPU
		{2D224EFD-95FC-4039-AE99-72D383464FF5}.Debug|Any CPU.Build.0 = Debug|Any CPU
		{2D224EFD-95FC-4039-AE99-72D383464FF5}.Release|Any CPU.ActiveCfg = Release|Any CPU
		{2D224EFD-95FC-4039-AE99-72D383464FF5}.Release|Any CPU.Build.0 = Release|Any CPU
		{1943BB06-1D1E-45A6-ADF0-B6437512138B}.Debug|Any CPU.ActiveCfg = Debug|Any CPU
		{1943BB06-1D1E-45A6-ADF0-B6437512138B}.Debug|Any CPU.Build.0 = Debug|Any CPU
		{1943BB06-1D1E-45A6-ADF0-B6437512138B}.Release|Any CPU.ActiveCfg = Release|Any CPU
		{1943BB06-1D1E-45A6-ADF0-B6437512138B}.Release|Any CPU.Build.0 = Release|Any CPU
	EndGlobalSection
	GlobalSection(SolutionProperties) = preSolution
		HideSolutionNode = FALSE
	EndGlobalSection
	GlobalSection(ExtensibilityGlobals) = postSolution
		SolutionGuid = {AD58EF9B-4C5A-4ABF-8621-61BB16A4DBFB}
	EndGlobalSection
EndGlobal
