
Microsoft Visual Studio Solution File, Format Version 12.00
# Visual Studio 15
VisualStudioVersion = 15.0.28010.2003
MinimumVisualStudioVersion = 10.0.40219.1
Project("{FAE04EC0-301F-11D3-BF4B-00C04F79EFBC}") = "ScadaCommSvc", "ScadaCommSvc\ScadaCommSvc.csproj", "{004F8580-2350-4137-872E-8B0BE6D9FE40}"
EndProject
Project("{FAE04EC0-301F-11D3-BF4B-00C04F79EFBC}") = "ScadaCommCtrl", "ScadaCommCtrl\ScadaCommCtrl.csproj", "{6B729F44-5178-471D-B636-D9FD8D049D4B}"
EndProject
Project("{FAE04EC0-301F-11D3-BF4B-00C04F79EFBC}") = "ScadaCommMono", "ScadaCommMono\ScadaCommMono.csproj", "{AE39349B-3AC0-4896-8A48-9AD0C032AA80}"
EndProject
Project("{FAE04EC0-301F-11D3-BF4B-00C04F79EFBC}") = "ScadaCommCommon", "ScadaCommCommon\ScadaCommCommon.csproj", "{7BAEAE0E-4694-41D7-BC29-F205AEF69741}"
EndProject
Project("{FAE04EC0-301F-11D3-BF4B-00C04F79EFBC}") = "ScadaCommEngine", "ScadaCommEngine\ScadaCommEngine.csproj", "{3D222DF3-9DE8-4D03-B1DA-11C2B9EC3368}"
EndProject
Project("{FAE04EC0-301F-11D3-BF4B-00C04F79EFBC}") = "ScadaCommShell", "ScadaCommShell\ScadaCommShell.csproj", "{77DB1A1B-5B41-463A-A282-26571F202772}"
EndProject
Global
	GlobalSection(SolutionConfigurationPlatforms) = preSolution
		Debug|Any CPU = Debug|Any CPU
		Release|Any CPU = Release|Any CPU
	EndGlobalSection
	GlobalSection(ProjectConfigurationPlatforms) = postSolution
		{004F8580-2350-4137-872E-8B0BE6D9FE40}.Debug|Any CPU.ActiveCfg = Debug|Any CPU
		{004F8580-2350-4137-872E-8B0BE6D9FE40}.Debug|Any CPU.Build.0 = Debug|Any CPU
		{004F8580-2350-4137-872E-8B0BE6D9FE40}.Release|Any CPU.ActiveCfg = Release|Any CPU
		{004F8580-2350-4137-872E-8B0BE6D9FE40}.Release|Any CPU.Build.0 = Release|Any CPU
		{6B729F44-5178-471D-B636-D9FD8D049D4B}.Debug|Any CPU.ActiveCfg = Debug|Any CPU
		{6B729F44-5178-471D-B636-D9FD8D049D4B}.Debug|Any CPU.Build.0 = Debug|Any CPU
		{6B729F44-5178-471D-B636-D9FD8D049D4B}.Release|Any CPU.ActiveCfg = Release|Any CPU
		{6B729F44-5178-471D-B636-D9FD8D049D4B}.Release|Any CPU.Build.0 = Release|Any CPU
		{AE39349B-3AC0-4896-8A48-9AD0C032AA80}.Debug|Any CPU.ActiveCfg = Debug|Any CPU
		{AE39349B-3AC0-4896-8A48-9AD0C032AA80}.Debug|Any CPU.Build.0 = Debug|Any CPU
		{AE39349B-3AC0-4896-8A48-9AD0C032AA80}.Release|Any CPU.ActiveCfg = Release|Any CPU
		{AE39349B-3AC0-4896-8A48-9AD0C032AA80}.Release|Any CPU.Build.0 = Release|Any CPU
		{7BAEAE0E-4694-41D7-BC29-F205AEF69741}.Debug|Any CPU.ActiveCfg = Debug|Any CPU
		{7BAEAE0E-4694-41D7-BC29-F205AEF69741}.Debug|Any CPU.Build.0 = Debug|Any CPU
		{7BAEAE0E-4694-41D7-BC29-F205AEF69741}.Release|Any CPU.ActiveCfg = Release|Any CPU
		{7BAEAE0E-4694-41D7-BC29-F205AEF69741}.Release|Any CPU.Build.0 = Release|Any CPU
		{3D222DF3-9DE8-4D03-B1DA-11C2B9EC3368}.Debug|Any CPU.ActiveCfg = Debug|Any CPU
		{3D222DF3-9DE8-4D03-B1DA-11C2B9EC3368}.Debug|Any CPU.Build.0 = Debug|Any CPU
		{3D222DF3-9DE8-4D03-B1DA-11C2B9EC3368}.Release|Any CPU.ActiveCfg = Release|Any CPU
		{3D222DF3-9DE8-4D03-B1DA-11C2B9EC3368}.Release|Any CPU.Build.0 = Release|Any CPU
		{77DB1A1B-5B41-463A-A282-26571F202772}.Debug|Any CPU.ActiveCfg = Debug|Any CPU
		{77DB1A1B-5B41-463A-A282-26571F202772}.Debug|Any CPU.Build.0 = Debug|Any CPU
		{77DB1A1B-5B41-463A-A282-26571F202772}.Release|Any CPU.ActiveCfg = Release|Any CPU
		{77DB1A1B-5B41-463A-A282-26571F202772}.Release|Any CPU.Build.0 = Release|Any CPU
	EndGlobalSection
	GlobalSection(SolutionProperties) = preSolution
		HideSolutionNode = FALSE
	EndGlobalSection
	GlobalSection(ExtensibilityGlobals) = postSolution
		SolutionGuid = {B05E0C94-2A2E-40BE-9936-97F37DE44384}
	EndGlobalSection
EndGlobal
