
Microsoft Visual Studio Solution File, Format Version 11.00
# Visual Studio 2010
Project("{FAE04EC0-301F-11D3-BF4B-00C04F79EFBC}") = "ScadaCommSvc", "ScadaCommSvc\ScadaCommSvc.csproj", "{004F8580-2350-4137-872E-8B0BE6D9FE40}"
EndProject
Project("{FAE04EC0-301F-11D3-BF4B-00C04F79EFBC}") = "KP", "KP\KP.csproj", "{A33B8EC4-8F3E-453B-AA6B-5352CA1FE036}"
EndProject
Project("{FAE04EC0-301F-11D3-BF4B-00C04F79EFBC}") = "ScadaCommCtrl", "ScadaCommCtrl\ScadaCommCtrl.csproj", "{6B729F44-5178-471D-B636-D9FD8D049D4B}"
EndProject
Global
	GlobalSection(SolutionConfigurationPlatforms) = preSolution
		Debug|Any CPU = Debug|Any CPU
		Release|Any CPU = Release|Any CPU
	EndGlobalSection
	GlobalSection(ProjectConfigurationPlatforms) = postSolution
		{004F8580-2350-4137-872E-8B0BE6D9FE40}.Debug|Any CPU.ActiveCfg = Debug|Any CPU
		{004F8580-2350-4137-872E-8B0BE6D9FE40}.Release|Any CPU.ActiveCfg = Release|Any CPU
		{004F8580-2350-4137-872E-8B0BE6D9FE40}.Release|Any CPU.Build.0 = Release|Any CPU
		{A33B8EC4-8F3E-453B-AA6B-5352CA1FE036}.Debug|Any CPU.ActiveCfg = Debug|Any CPU
		{A33B8EC4-8F3E-453B-AA6B-5352CA1FE036}.Release|Any CPU.ActiveCfg = Release|Any CPU
		{A33B8EC4-8F3E-453B-AA6B-5352CA1FE036}.Release|Any CPU.Build.0 = Release|Any CPU
		{6B729F44-5178-471D-B636-D9FD8D049D4B}.Debug|Any CPU.ActiveCfg = Debug|Any CPU
		{6B729F44-5178-471D-B636-D9FD8D049D4B}.Debug|Any CPU.Build.0 = Debug|Any CPU
		{6B729F44-5178-471D-B636-D9FD8D049D4B}.Release|Any CPU.ActiveCfg = Release|Any CPU
		{6B729F44-5178-471D-B636-D9FD8D049D4B}.Release|Any CPU.Build.0 = Release|Any CPU
	EndGlobalSection
	GlobalSection(SolutionProperties) = preSolution
		HideSolutionNode = FALSE
	EndGlobalSection
EndGlobal
