
Microsoft Visual Studio Solution File, Format Version 12.00
# Visual Studio Version 16
VisualStudioVersion = 16.0.30804.86
MinimumVisualStudioVersion = 10.0.40219.1
Project("{FAE04EC0-301F-11D3-BF4B-00C04F79EFBC}") = "KpModbus", "KpModbus\KpModbus.csproj", "{7CBF4A4B-E1A2-428E-8F68-EDD2FCE3088B}"
EndProject
Project("{FAE04EC0-301F-11D3-BF4B-00C04F79EFBC}") = "KpSms", "KpSms\KpSms.csproj", "{54BEF6C5-B63D-41E3-A123-03F1802A44F7}"
EndProject
Project("{FAE04EC0-301F-11D3-BF4B-00C04F79EFBC}") = "KpTest", "KpTest\KpTest.csproj", "{D0AD784B-587D-4CD1-AF7F-7473A4FF7060}"
EndProject
Project("{FAE04EC0-301F-11D3-BF4B-00C04F79EFBC}") = "KpSnmp", "KpSnmp\KpSnmp.csproj", "{650B47BB-B3C7-4DD6-87F4-2BB65E084508}"
EndProject
Project("{FAE04EC0-301F-11D3-BF4B-00C04F79EFBC}") = "AddressBook", "AddressBook\AddressBook.csproj", "{CB3BC544-51CB-4A40-8CF0-4B769C01F996}"
EndProject
Project("{FAE04EC0-301F-11D3-BF4B-00C04F79EFBC}") = "KpEmail", "KpEmail\KpEmail.csproj", "{1529A2A2-53FC-446B-AE13-FF564C4DEC32}"
EndProject
Project("{FAE04EC0-301F-11D3-BF4B-00C04F79EFBC}") = "KpHttpNotif", "KpHttpNotif\KpHttpNotif.csproj", "{866BA66F-804A-4C6B-B0D2-8D8064AE1EEC}"
EndProject
Project("{FAE04EC0-301F-11D3-BF4B-00C04F79EFBC}") = "KpDbImport", "KpDbImport\KpDbImport.csproj", "{E536C888-ED86-4248-BA38-48E882241559}"
EndProject
Project("{FAE04EC0-301F-11D3-BF4B-00C04F79EFBC}") = "KpSimulator", "KpSimulator\KpSimulator.csproj", "{81C5771D-5C51-4339-A336-36D5D28F03D9}"
EndProject
Project("{FAE04EC0-301F-11D3-BF4B-00C04F79EFBC}") = "KpOpcUa", "KpOpcUa\KpOpcUa.csproj", "{205C7DAB-C3ED-4D4F-8F2F-CFE65D6C4044}"
EndProject
Project("{FAE04EC0-301F-11D3-BF4B-00C04F79EFBC}") = "KpEnronModbus", "KpEnronModbus\KpEnronModbus.csproj", "{6ECB8A64-B0EC-48E8-9109-9984D37854B9}"
EndProject
Global
	GlobalSection(SolutionConfigurationPlatforms) = preSolution
		Debug|Any CPU = Debug|Any CPU
		Release|Any CPU = Release|Any CPU
	EndGlobalSection
	GlobalSection(ProjectConfigurationPlatforms) = postSolution
		{7CBF4A4B-E1A2-428E-8F68-EDD2FCE3088B}.Debug|Any CPU.ActiveCfg = Debug|Any CPU
		{7CBF4A4B-E1A2-428E-8F68-EDD2FCE3088B}.Debug|Any CPU.Build.0 = Debug|Any CPU
		{7CBF4A4B-E1A2-428E-8F68-EDD2FCE3088B}.Release|Any CPU.ActiveCfg = Release|Any CPU
		{7CBF4A4B-E1A2-428E-8F68-EDD2FCE3088B}.Release|Any CPU.Build.0 = Release|Any CPU
		{54BEF6C5-B63D-41E3-A123-03F1802A44F7}.Debug|Any CPU.ActiveCfg = Debug|Any CPU
		{54BEF6C5-B63D-41E3-A123-03F1802A44F7}.Debug|Any CPU.Build.0 = Debug|Any CPU
		{54BEF6C5-B63D-41E3-A123-03F1802A44F7}.Release|Any CPU.ActiveCfg = Release|Any CPU
		{54BEF6C5-B63D-41E3-A123-03F1802A44F7}.Release|Any CPU.Build.0 = Release|Any CPU
		{D0AD784B-587D-4CD1-AF7F-7473A4FF7060}.Debug|Any CPU.ActiveCfg = Debug|Any CPU
		{D0AD784B-587D-4CD1-AF7F-7473A4FF7060}.Debug|Any CPU.Build.0 = Debug|Any CPU
		{D0AD784B-587D-4CD1-AF7F-7473A4FF7060}.Release|Any CPU.ActiveCfg = Release|Any CPU
		{D0AD784B-587D-4CD1-AF7F-7473A4FF7060}.Release|Any CPU.Build.0 = Release|Any CPU
		{650B47BB-B3C7-4DD6-87F4-2BB65E084508}.Debug|Any CPU.ActiveCfg = Debug|Any CPU
		{650B47BB-B3C7-4DD6-87F4-2BB65E084508}.Debug|Any CPU.Build.0 = Debug|Any CPU
		{650B47BB-B3C7-4DD6-87F4-2BB65E084508}.Release|Any CPU.ActiveCfg = Release|Any CPU
		{650B47BB-B3C7-4DD6-87F4-2BB65E084508}.Release|Any CPU.Build.0 = Release|Any CPU
		{CB3BC544-51CB-4A40-8CF0-4B769C01F996}.Debug|Any CPU.ActiveCfg = Debug|Any CPU
		{CB3BC544-51CB-4A40-8CF0-4B769C01F996}.Debug|Any CPU.Build.0 = Debug|Any CPU
		{CB3BC544-51CB-4A40-8CF0-4B769C01F996}.Release|Any CPU.ActiveCfg = Release|Any CPU
		{CB3BC544-51CB-4A40-8CF0-4B769C01F996}.Release|Any CPU.Build.0 = Release|Any CPU
		{1529A2A2-53FC-446B-AE13-FF564C4DEC32}.Debug|Any CPU.ActiveCfg = Debug|Any CPU
		{1529A2A2-53FC-446B-AE13-FF564C4DEC32}.Debug|Any CPU.Build.0 = Debug|Any CPU
		{1529A2A2-53FC-446B-AE13-FF564C4DEC32}.Release|Any CPU.ActiveCfg = Release|Any CPU
		{1529A2A2-53FC-446B-AE13-FF564C4DEC32}.Release|Any CPU.Build.0 = Release|Any CPU
		{866BA66F-804A-4C6B-B0D2-8D8064AE1EEC}.Debug|Any CPU.ActiveCfg = Debug|Any CPU
		{866BA66F-804A-4C6B-B0D2-8D8064AE1EEC}.Debug|Any CPU.Build.0 = Debug|Any CPU
		{866BA66F-804A-4C6B-B0D2-8D8064AE1EEC}.Release|Any CPU.ActiveCfg = Release|Any CPU
		{866BA66F-804A-4C6B-B0D2-8D8064AE1EEC}.Release|Any CPU.Build.0 = Release|Any CPU
		{E536C888-ED86-4248-BA38-48E882241559}.Debug|Any CPU.ActiveCfg = Debug|Any CPU
		{E536C888-ED86-4248-BA38-48E882241559}.Debug|Any CPU.Build.0 = Debug|Any CPU
		{E536C888-ED86-4248-BA38-48E882241559}.Release|Any CPU.ActiveCfg = Release|Any CPU
		{E536C888-ED86-4248-BA38-48E882241559}.Release|Any CPU.Build.0 = Release|Any CPU
		{81C5771D-5C51-4339-A336-36D5D28F03D9}.Debug|Any CPU.ActiveCfg = Debug|Any CPU
		{81C5771D-5C51-4339-A336-36D5D28F03D9}.Debug|Any CPU.Build.0 = Debug|Any CPU
		{81C5771D-5C51-4339-A336-36D5D28F03D9}.Release|Any CPU.ActiveCfg = Release|Any CPU
		{81C5771D-5C51-4339-A336-36D5D28F03D9}.Release|Any CPU.Build.0 = Release|Any CPU
		{205C7DAB-C3ED-4D4F-8F2F-CFE65D6C4044}.Debug|Any CPU.ActiveCfg = Debug|Any CPU
		{205C7DAB-C3ED-4D4F-8F2F-CFE65D6C4044}.Debug|Any CPU.Build.0 = Debug|Any CPU
		{205C7DAB-C3ED-4D4F-8F2F-CFE65D6C4044}.Release|Any CPU.ActiveCfg = Release|Any CPU
		{205C7DAB-C3ED-4D4F-8F2F-CFE65D6C4044}.Release|Any CPU.Build.0 = Release|Any CPU
		{6ECB8A64-B0EC-48E8-9109-9984D37854B9}.Debug|Any CPU.ActiveCfg = Debug|Any CPU
		{6ECB8A64-B0EC-48E8-9109-9984D37854B9}.Debug|Any CPU.Build.0 = Debug|Any CPU
		{6ECB8A64-B0EC-48E8-9109-9984D37854B9}.Release|Any CPU.ActiveCfg = Release|Any CPU
		{6ECB8A64-B0EC-48E8-9109-9984D37854B9}.Release|Any CPU.Build.0 = Release|Any CPU
	EndGlobalSection
	GlobalSection(SolutionProperties) = preSolution
		HideSolutionNode = FALSE
	EndGlobalSection
	GlobalSection(ExtensibilityGlobals) = postSolution
		SolutionGuid = {342245E6-51FF-4042-B298-F1F14BA38392}
	EndGlobalSection
EndGlobal
