
Microsoft Visual Studio Solution File, Format Version 12.00
# Visual Studio 15
VisualStudioVersion = 15.0.27428.2005
MinimumVisualStudioVersion = 10.0.40219.1
Project("{9A19103F-16F7-4668-BE54-9A1E7A4F7556}") = "ScadaAgentCore", "ScadaAgentCore\ScadaAgentCore.csproj", "{5163526D-91E4-414D-97FE-090E1E7FDA6B}"
EndProject
Project("{FAE04EC0-301F-11D3-BF4B-00C04F79EFBC}") = "ScadaAgentMono", "ScadaAgentMono\ScadaAgentMono.csproj", "{45E8CD64-3FB3-4B29-BFD4-2823D8F2AA02}"
EndProject
Project("{FAE04EC0-301F-11D3-BF4B-00C04F79EFBC}") = "ScadaAgentService", "ScadaAgentService\ScadaAgentService.csproj", "{593318B1-3CB4-441B-B273-E3F37DF070B5}"
EndProject
Project("{FAE04EC0-301F-11D3-BF4B-00C04F79EFBC}") = "ScadaAgentCtrl", "ScadaAgentCtrl\ScadaAgentCtrl.csproj", "{67AEE6A7-0F2E-4273-8253-231E6BF3C943}"
EndProject
Project("{FAE04EC0-301F-11D3-BF4B-00C04F79EFBC}") = "ScadaAgentNet", "ScadaAgentNet\ScadaAgentNet.csproj", "{C377283B-858B-4EFC-A560-E90FF2F26B03}"
EndProject
Global
	GlobalSection(SolutionConfigurationPlatforms) = preSolution
		Debug|Any CPU = Debug|Any CPU
		Release|Any CPU = Release|Any CPU
	EndGlobalSection
	GlobalSection(ProjectConfigurationPlatforms) = postSolution
		{5163526D-91E4-414D-97FE-090E1E7FDA6B}.Debug|Any CPU.ActiveCfg = Debug|Any CPU
		{5163526D-91E4-414D-97FE-090E1E7FDA6B}.Debug|Any CPU.Build.0 = Debug|Any CPU
		{5163526D-91E4-414D-97FE-090E1E7FDA6B}.Release|Any CPU.ActiveCfg = Release|Any CPU
		{5163526D-91E4-414D-97FE-090E1E7FDA6B}.Release|Any CPU.Build.0 = Release|Any CPU
		{45E8CD64-3FB3-4B29-BFD4-2823D8F2AA02}.Debug|Any CPU.ActiveCfg = Debug|Any CPU
		{45E8CD64-3FB3-4B29-BFD4-2823D8F2AA02}.Debug|Any CPU.Build.0 = Debug|Any CPU
		{45E8CD64-3FB3-4B29-BFD4-2823D8F2AA02}.Release|Any CPU.ActiveCfg = Release|Any CPU
		{45E8CD64-3FB3-4B29-BFD4-2823D8F2AA02}.Release|Any CPU.Build.0 = Release|Any CPU
		{593318B1-3CB4-441B-B273-E3F37DF070B5}.Debug|Any CPU.ActiveCfg = Debug|Any CPU
		{593318B1-3CB4-441B-B273-E3F37DF070B5}.Debug|Any CPU.Build.0 = Debug|Any CPU
		{593318B1-3CB4-441B-B273-E3F37DF070B5}.Release|Any CPU.ActiveCfg = Release|Any CPU
		{593318B1-3CB4-441B-B273-E3F37DF070B5}.Release|Any CPU.Build.0 = Release|Any CPU
		{67AEE6A7-0F2E-4273-8253-231E6BF3C943}.Debug|Any CPU.ActiveCfg = Debug|Any CPU
		{67AEE6A7-0F2E-4273-8253-231E6BF3C943}.Debug|Any CPU.Build.0 = Debug|Any CPU
		{67AEE6A7-0F2E-4273-8253-231E6BF3C943}.Release|Any CPU.ActiveCfg = Release|Any CPU
		{67AEE6A7-0F2E-4273-8253-231E6BF3C943}.Release|Any CPU.Build.0 = Release|Any CPU
		{C377283B-858B-4EFC-A560-E90FF2F26B03}.Debug|Any CPU.ActiveCfg = Debug|Any CPU
		{C377283B-858B-4EFC-A560-E90FF2F26B03}.Debug|Any CPU.Build.0 = Debug|Any CPU
		{C377283B-858B-4EFC-A560-E90FF2F26B03}.Release|Any CPU.ActiveCfg = Release|Any CPU
		{C377283B-858B-4EFC-A560-E90FF2F26B03}.Release|Any CPU.Build.0 = Release|Any CPU
	EndGlobalSection
	GlobalSection(SolutionProperties) = preSolution
		HideSolutionNode = FALSE
	EndGlobalSection
	GlobalSection(ExtensibilityGlobals) = postSolution
		SolutionGuid = {CD5FA250-50ED-4B08-B18B-BA49C0EE4193}
	EndGlobalSection
EndGlobal
