
Microsoft Visual Studio Solution File, Format Version 12.00
# Visual Studio 15
VisualStudioVersion = 15.0.28307.902
MinimumVisualStudioVersion = 10.0.40219.1
Project("{FAE04EC0-301F-11D3-BF4B-00C04F79EFBC}") = "ScadaSchemeCommon", "ScadaSchemeCommon\ScadaSchemeCommon.csproj", "{B61C631D-5AB8-431A-93C9-3DC8B36878BB}"
EndProject
Project("{FAE04EC0-301F-11D3-BF4B-00C04F79EFBC}") = "ScadaSchemeEditor", "ScadaSchemeEditor\ScadaSchemeEditor.csproj", "{E9317739-84F5-4207-87E3-F7AC6192EE48}"
EndProject
Project("{FAE04EC0-301F-11D3-BF4B-00C04F79EFBC}") = "PlgScheme", "PlgScheme\PlgScheme.csproj", "{36CBF606-7F85-4E46-BC7A-C86CACF675B2}"
EndProject
Project("{FAE04EC0-301F-11D3-BF4B-00C04F79EFBC}") = "PlgSchBasicComp", "PlgSchBasicComp\PlgSchBasicComp.csproj", "{85BD72F3-A9FC-4F6F-BE3A-5A045CF734AE}"
EndProject
Project("{FAE04EC0-301F-11D3-BF4B-00C04F79EFBC}") = "TemplateBindingEditor", "TemplateBindingEditor\TemplateBindingEditor.csproj", "{D9EECC27-1120-432D-9DC4-3DA1BA875E85}"
EndProject
Global
	GlobalSection(SolutionConfigurationPlatforms) = preSolution
		Debug|Any CPU = Debug|Any CPU
		Release|Any CPU = Release|Any CPU
	EndGlobalSection
	GlobalSection(ProjectConfigurationPlatforms) = postSolution
		{B61C631D-5AB8-431A-93C9-3DC8B36878BB}.Debug|Any CPU.ActiveCfg = Debug|Any CPU
		{B61C631D-5AB8-431A-93C9-3DC8B36878BB}.Debug|Any CPU.Build.0 = Debug|Any CPU
		{B61C631D-5AB8-431A-93C9-3DC8B36878BB}.Release|Any CPU.ActiveCfg = Release|Any CPU
		{B61C631D-5AB8-431A-93C9-3DC8B36878BB}.Release|Any CPU.Build.0 = Release|Any CPU
		{E9317739-84F5-4207-87E3-F7AC6192EE48}.Debug|Any CPU.ActiveCfg = Debug|Any CPU
		{E9317739-84F5-4207-87E3-F7AC6192EE48}.Debug|Any CPU.Build.0 = Debug|Any CPU
		{E9317739-84F5-4207-87E3-F7AC6192EE48}.Release|Any CPU.ActiveCfg = Release|Any CPU
		{E9317739-84F5-4207-87E3-F7AC6192EE48}.Release|Any CPU.Build.0 = Release|Any CPU
		{36CBF606-7F85-4E46-BC7A-C86CACF675B2}.Debug|Any CPU.ActiveCfg = Debug|Any CPU
		{36CBF606-7F85-4E46-BC7A-C86CACF675B2}.Debug|Any CPU.Build.0 = Debug|Any CPU
		{36CBF606-7F85-4E46-BC7A-C86CACF675B2}.Release|Any CPU.ActiveCfg = Release|Any CPU
		{36CBF606-7F85-4E46-BC7A-C86CACF675B2}.Release|Any CPU.Build.0 = Release|Any CPU
		{85BD72F3-A9FC-4F6F-BE3A-5A045CF734AE}.Debug|Any CPU.ActiveCfg = Debug|Any CPU
		{85BD72F3-A9FC-4F6F-BE3A-5A045CF734AE}.Debug|Any CPU.Build.0 = Debug|Any CPU
		{85BD72F3-A9FC-4F6F-BE3A-5A045CF734AE}.Release|Any CPU.ActiveCfg = Release|Any CPU
		{85BD72F3-A9FC-4F6F-BE3A-5A045CF734AE}.Release|Any CPU.Build.0 = Release|Any CPU
		{D9EECC27-1120-432D-9DC4-3DA1BA875E85}.Debug|Any CPU.ActiveCfg = Debug|Any CPU
		{D9EECC27-1120-432D-9DC4-3DA1BA875E85}.Debug|Any CPU.Build.0 = Debug|Any CPU
		{D9EECC27-1120-432D-9DC4-3DA1BA875E85}.Release|Any CPU.ActiveCfg = Release|Any CPU
		{D9EECC27-1120-432D-9DC4-3DA1BA875E85}.Release|Any CPU.Build.0 = Release|Any CPU
	EndGlobalSection
	GlobalSection(SolutionProperties) = preSolution
		HideSolutionNode = FALSE
	EndGlobalSection
	GlobalSection(ExtensibilityGlobals) = postSolution
		SolutionGuid = {6DD07F0A-1525-4594-8661-E4AD980D9FF4}
	EndGlobalSection
EndGlobal
